github.com/go-chi/chi/v5 v5.2.5 h1:Eg4myHZBjyvJmAFjFvWgrqDTXFyOzjj7YIm3L3mu6Ug=
github.com/go-chi/chi/v5 v5.2.5/go.mod h1:X7Gx4mteadT3eDOMTsXzmI4/rwUpOwBHLpAfupzFJP0=
github.com/neo4j/neo4j-go-driver/v6 v6.0.0 h1:xVAi6YLOfzXUx+1Lc/F2dUhpbN76BfKleZbAlnDFRiA=
github.com/neo4j/neo4j-go-driver/v6 v6.0.0/go.mod h1:hzSTfNfM31p1uRSzL1F/BAYOgaiTarE6OAQBajfsm+I=
